
Microsoft Visual Studio Solution File, Format Version 12.00
# Visual Studio Version 17
VisualStudioVersion = 17.8.34330.188
MinimumVisualStudioVersion = 10.0.40219.1
Project("{9A19103F-16F7-4668-BE54-9A1E7A4F7556}") = "UserIpCollector", "UserIpCollector\UserIpCollector.csproj", "{796DADFB-0F5F-4A98-B303-760CB18BF07C}"
EndProject
Project("{FAE04EC0-301F-11D3-BF4B-00C04F79EFBC}") = "UserIpCollector.Tests", "UserIpCollector.Tests\UserIpCollector.Tests.csproj", "{6B53207E-13CB-4D07-9D01-85D7F9F88891}"
EndProject
Global
	GlobalSection(SolutionConfigurationPlatforms) = preSolution
		Debug|Any CPU = Debug|Any CPU
		Release|Any CPU = Release|Any CPU
	EndGlobalSection
	GlobalSection(ProjectConfigurationPlatforms) = postSolution
		{796DADFB-0F5F-4A98-B303-760CB18BF07C}.Debug|Any CPU.ActiveCfg = Debug|Any CPU
		{796DADFB-0F5F-4A98-B303-760CB18BF07C}.Debug|Any CPU.Build.0 = Debug|Any CPU
		{796DADFB-0F5F-4A98-B303-760CB18BF07C}.Release|Any CPU.ActiveCfg = Release|Any CPU
		{796DADFB-0F5F-4A98-B303-760CB18BF07C}.Release|Any CPU.Build.0 = Release|Any CPU
		{6B53207E-13CB-4D07-9D01-85D7F9F88891}.Debug|Any CPU.ActiveCfg = Debug|Any CPU
		{6B53207E-13CB-4D07-9D01-85D7F9F88891}.Debug|Any CPU.Build.0 = Debug|Any CPU
		{6B53207E-13CB-4D07-9D01-85D7F9F88891}.Release|Any CPU.ActiveCfg = Release|Any CPU
		{6B53207E-13CB-4D07-9D01-85D7F9F88891}.Release|Any CPU.Build.0 = Release|Any CPU
	EndGlobalSection
	GlobalSection(SolutionProperties) = preSolution
		HideSolutionNode = FALSE
	EndGlobalSection
	GlobalSection(ExtensibilityGlobals) = postSolution
		SolutionGuid = {7CBAAB36-A7B6-4FD5-A5D2-E4D87C3221D6}
	EndGlobalSection
EndGlobal
